NeoBundleLock caw.vim 47535b103eaed9fac60ce76a457194288021daa7
NeoBundleLock ctrlp.vim af723be12790c1f605e9a79d742540bc0f5383a8
NeoBundleLock lightline.vim 059888ab650fa192dd441e52bd9f41f08b247529
NeoBundleLock neobundle.vim 88951d60547595606ea0ca8f28f643d2506f2714
NeoBundleLock neocomplete.vim 9af19a78e381a13513851d222c17be1bd2679f7e
NeoBundleLock nerdtree eee431dbd44111c858c6d33ffd366cae1f17f8b3
NeoBundleLock unite.vim be09b0e5784c4c4c13aefae4f16313696c6f51de
NeoBundleLock vim-endwise 0067ceda37725d01b7bd5bf249d63b1b5d4e2ab4
NeoBundleLock vim-fugitive b754bc2031f21a532c083dd0d072ba373bbe3a37
NeoBundleLock vim-gitgutter 7b81a8a22607f073b76b106e2d5e63cc936b0d25
NeoBundleLock vim-indent-guides 018298ead9d3aa9cd3b4ae222f81022a33978b09
NeoBundleLock vim-rails 09ffc844ef959ffe133d0994641ade192531007e
NeoBundleLock vim-surround e49d6c2459e0f5569ff2d533b4df995dd7f98313
