NeoBundleLock jshint2.vim dfad0431f0475b745cff7d2a4551b3619039edd9
NeoBundleLock lightline.vim e6a43f98fab1ee2e373bd0b670803222607ed123
NeoBundleLock neobundle.vim cfbbde55a6b64251a7edec37f114bde614113613
NeoBundleLock neocomplete fe8aa93a8a6030af3d208f2ecc92096cb3d52693
NeoBundleLock neosnippet 0571ffbc4709f5a5b2cd5dc2f01e88ea33988bfb
NeoBundleLock neosnippet-snippets 4e7b0a3962742eccaae298100e23e599d384ea67
NeoBundleLock nerdtree 243c6248465e09c05100172ea17b8f13eb7056d8
NeoBundleLock syntastic 8f97e64c78e9ade6cf09fc5d5446f5d2a8deaa35
NeoBundleLock unite.vim 243c6248465e09c05100172ea17b8f13eb7056d8
NeoBundleLock vim-javascript 1d8c2677d26d6b3950b90dc1636e63334c8efc3b
