NeoBundleLock emmet-vim 451367a2ce2c964d70ba326a253905e2a5373d23
NeoBundleLock html5.vim 9bfa00bdb3fdca07c490b527e5e6ec6c4b017d3b
NeoBundleLock neobundle.vim 34bf2ca4f8184cd85b3fa017ac6de9496872515e
NeoBundleLock neocomplete-php.vim 68c3b3a6439c6c5cc0640260dde52eef197dd2f3
NeoBundleLock neocomplete.vim 52a60446cc3703dead4fd9b06866931457a80f6f
NeoBundleLock neomru.vim 8aa00e181bb764956a40764ae325a485a93f513a
NeoBundleLock nerdtree dd754c7bc64f8802ab6ff660776e1dee0e0e2761
NeoBundleLock open-browser.vim a3d9bba498c610a2bb1029fd51a3ac3b6b144147
NeoBundleLock tcomment_vim f5ca095f3caed4b267737d033d23cea421777149
NeoBundleLock unite.vim 018807942002a67614c93c8dd970a91e13b93690
NeoBundleLock vim-browsereload-mac b73cc98c18c28869ed99562f6a3c142cb2906029
NeoBundleLock vim-css3-syntax 9e0ef247ced9c0a0177e20d37c944d65b5977f38
NeoBundleLock vim-javascript-syntax c907b157ab22c73c517e07d29f7a753bbf8b8206
NeoBundleLock vim-trailing-whitespace 478b217d299b6f5938b43a4929d6bb0907cc3a56
NeoBundleLock webapi-vim dfc60635e610f9200646a84d11887af9e3d50b10
